
Microsoft Visual Studio Solution File, Format Version 12.00
# Visual Studio 14
VisualStudioVersion = 14.0.25420.1
MinimumVisualStudioVersion = 10.0.40219.1
Project("{2150E333-8FDC-42A3-9474-1A3956D46DE8}") = "src", "src", "{3B6D07B1-CD87-439B-978E-5F4F7EFC6202}"
EndProject
Project("{2150E333-8FDC-42A3-9474-1A3956D46DE8}") = "Solution Items", "Solution Items", "{8DD247B4-CB13-4FBC-A49D-25F95F56BFCB}"
	ProjectSection(SolutionItems) = preProject
		global.json = global.json
		README.md = README.md
	EndProjectSection
EndProject
Project("{8BB2217D-0F2D-49D1-97BC-3654ED321F3B}") = "PortfolioDotnet", "src\PortfolioDotnet\PortfolioDotnet.xproj", "{5B991F74-BFD2-4C5B-8BCF-139543216B53}"
EndProject
Global
	GlobalSection(SolutionConfigurationPlatforms) = preSolution
		Debug|Any CPU = Debug|Any CPU
		Release|Any CPU = Release|Any CPU
	EndGlobalSection
	GlobalSection(ProjectConfigurationPlatforms) = postSolution
		{5B991F74-BFD2-4C5B-8BCF-139543216B53}.Debug|Any CPU.ActiveCfg = Debug|Any CPU
		{5B991F74-BFD2-4C5B-8BCF-139543216B53}.Debug|Any CPU.Build.0 = Debug|Any CPU
		{5B991F74-BFD2-4C5B-8BCF-139543216B53}.Release|Any CPU.ActiveCfg = Release|Any CPU
		{5B991F74-BFD2-4C5B-8BCF-139543216B53}.Release|Any CPU.Build.0 = Release|Any CPU
	EndGlobalSection
	GlobalSection(SolutionProperties) = preSolution
		HideSolutionNode = FALSE
	EndGlobalSection
	GlobalSection(NestedProjects) = preSolution
		{5B991F74-BFD2-4C5B-8BCF-139543216B53} = {3B6D07B1-CD87-439B-978E-5F4F7EFC6202}
	EndGlobalSection
EndGlobal
